
Microsoft Visual Studio Solution File, Format Version 12.00
# Visual Studio Version 16
VisualStudioVersion = 16.0.31613.86
MinimumVisualStudioVersion = 10.0.40219.1
Project("{FAE04EC0-301F-11D3-BF4B-00C04F79EFBC}") = "Brive", "Brive\Brive.csproj", "{39145FA6-F182-4946-871F-77C1CC6BAB14}"
EndProject
Project("{FAE04EC0-301F-11D3-BF4B-00C04F79EFBC}") = "BusineesLayer", "BusineesLayer\BusineesLayer.csproj", "{F2969142-FEAA-43B7-814B-574C304D0DBB}"
EndProject
Project("{FAE04EC0-301F-11D3-BF4B-00C04F79EFBC}") = "DataLayer", "DataLayer\DataLayer.csproj", "{5D2D3EF4-0E24-4056-B69D-80AD2F9BDA56}"
EndProject
Project("{FAE04EC0-301F-11D3-BF4B-00C04F79EFBC}") = "ModelLayer", "ModelLayer\ModelLayer.csproj", "{292785EF-4677-40F6-BE3C-49C091DA46AD}"
EndProject
Project("{FAE04EC0-301F-11D3-BF4B-00C04F79EFBC}") = "BriveWebAPI", "BriveWebAPI\BriveWebAPI.csproj", "{E0CF7699-2490-4451-9388-115743EE7515}"
EndProject
Global
	GlobalSection(SolutionConfigurationPlatforms) = preSolution
		Debug|Any CPU = Debug|Any CPU
		Release|Any CPU = Release|Any CPU
	EndGlobalSection
	GlobalSection(ProjectConfigurationPlatforms) = postSolution
		{39145FA6-F182-4946-871F-77C1CC6BAB14}.Debug|Any CPU.ActiveCfg = Debug|Any CPU
		{39145FA6-F182-4946-871F-77C1CC6BAB14}.Debug|Any CPU.Build.0 = Debug|Any CPU
		{39145FA6-F182-4946-871F-77C1CC6BAB14}.Release|Any CPU.ActiveCfg = Release|Any CPU
		{39145FA6-F182-4946-871F-77C1CC6BAB14}.Release|Any CPU.Build.0 = Release|Any CPU
		{F2969142-FEAA-43B7-814B-574C304D0DBB}.Debug|Any CPU.ActiveCfg = Debug|Any CPU
		{F2969142-FEAA-43B7-814B-574C304D0DBB}.Debug|Any CPU.Build.0 = Debug|Any CPU
		{F2969142-FEAA-43B7-814B-574C304D0DBB}.Release|Any CPU.ActiveCfg = Release|Any CPU
		{F2969142-FEAA-43B7-814B-574C304D0DBB}.Release|Any CPU.Build.0 = Release|Any CPU
		{5D2D3EF4-0E24-4056-B69D-80AD2F9BDA56}.Debug|Any CPU.ActiveCfg = Debug|Any CPU
		{5D2D3EF4-0E24-4056-B69D-80AD2F9BDA56}.Debug|Any CPU.Build.0 = Debug|Any CPU
		{5D2D3EF4-0E24-4056-B69D-80AD2F9BDA56}.Release|Any CPU.ActiveCfg = Release|Any CPU
		{5D2D3EF4-0E24-4056-B69D-80AD2F9BDA56}.Release|Any CPU.Build.0 = Release|Any CPU
		{292785EF-4677-40F6-BE3C-49C091DA46AD}.Debug|Any CPU.ActiveCfg = Debug|Any CPU
		{292785EF-4677-40F6-BE3C-49C091DA46AD}.Debug|Any CPU.Build.0 = Debug|Any CPU
		{292785EF-4677-40F6-BE3C-49C091DA46AD}.Release|Any CPU.ActiveCfg = Release|Any CPU
		{292785EF-4677-40F6-BE3C-49C091DA46AD}.Release|Any CPU.Build.0 = Release|Any CPU
		{E0CF7699-2490-4451-9388-115743EE7515}.Debug|Any CPU.ActiveCfg = Debug|Any CPU
		{E0CF7699-2490-4451-9388-115743EE7515}.Debug|Any CPU.Build.0 = Debug|Any CPU
		{E0CF7699-2490-4451-9388-115743EE7515}.Release|Any CPU.ActiveCfg = Release|Any CPU
		{E0CF7699-2490-4451-9388-115743EE7515}.Release|Any CPU.Build.0 = Release|Any CPU
	EndGlobalSection
	GlobalSection(SolutionProperties) = preSolution
		HideSolutionNode = FALSE
	EndGlobalSection
	GlobalSection(ExtensibilityGlobals) = postSolution
		SolutionGuid = {AE3EFAAB-28F5-4A99-B62B-832D5F7E0D7F}
	EndGlobalSection
EndGlobal
